
Microsoft Visual Studio Solution File, Format Version 12.00
# Visual Studio 15
Project("{FAE04EC0-301F-11D3-BF4B-00C04F79EFBC}") = "Assembly-CSharp", "Assembly-CSharp.csproj", "{21C8FD49-0929-0E43-D226-A0D5C422D87F}"
EndProject
Project("{FAE04EC0-301F-11D3-BF4B-00C04F79EFBC}") = "Unity.Splines.Examples.Editor", "Unity.Splines.Examples.Editor.csproj", "{CE5370F4-D2FD-0BB0-0309-AD3770425814}"
EndProject
Project("{FAE04EC0-301F-11D3-BF4B-00C04F79EFBC}") = "Unity.Splines.Examples", "Unity.Splines.Examples.csproj", "{68CB1D96-C65A-1CF8-EA44-44448EBC3F54}"
EndProject
Project("{FAE04EC0-301F-11D3-BF4B-00C04F79EFBC}") = "Unity.XR.Interaction.Toolkit.Samples.DeviceSimulator", "Unity.XR.Interaction.Toolkit.Samples.DeviceSimulator.csproj", "{B116926F-8428-1AD0-51A5-6BC4F8079A6B}"
EndProject
Project("{FAE04EC0-301F-11D3-BF4B-00C04F79EFBC}") = "Assembly-CSharp-Editor", "Assembly-CSharp-Editor.csproj", "{72B908CE-EB04-5732-DF85-404A59602DE2}"
EndProject
Global
	GlobalSection(SolutionConfigurationPlatforms) = preSolution
		Debug|Any CPU = Debug|Any CPU
		Release|Any CPU = Release|Any CPU
	EndGlobalSection
	GlobalSection(ProjectConfigurationPlatforms) = postSolution
		{21C8FD49-0929-0E43-D226-A0D5C422D87F}.Debug|Any CPU.ActiveCfg = Debug|Any CPU
		{21C8FD49-0929-0E43-D226-A0D5C422D87F}.Debug|Any CPU.Build.0 = Debug|Any CPU
		{21C8FD49-0929-0E43-D226-A0D5C422D87F}.Release|Any CPU.ActiveCfg = Release|Any CPU
		{21C8FD49-0929-0E43-D226-A0D5C422D87F}.Release|Any CPU.Build.0 = Release|Any CPU
		{CE5370F4-D2FD-0BB0-0309-AD3770425814}.Debug|Any CPU.ActiveCfg = Debug|Any CPU
		{CE5370F4-D2FD-0BB0-0309-AD3770425814}.Debug|Any CPU.Build.0 = Debug|Any CPU
		{CE5370F4-D2FD-0BB0-0309-AD3770425814}.Release|Any CPU.ActiveCfg = Release|Any CPU
		{CE5370F4-D2FD-0BB0-0309-AD3770425814}.Release|Any CPU.Build.0 = Release|Any CPU
		{68CB1D96-C65A-1CF8-EA44-44448EBC3F54}.Debug|Any CPU.ActiveCfg = Debug|Any CPU
		{68CB1D96-C65A-1CF8-EA44-44448EBC3F54}.Debug|Any CPU.Build.0 = Debug|Any CPU
		{68CB1D96-C65A-1CF8-EA44-44448EBC3F54}.Release|Any CPU.ActiveCfg = Release|Any CPU
		{68CB1D96-C65A-1CF8-EA44-44448EBC3F54}.Release|Any CPU.Build.0 = Release|Any CPU
		{B116926F-8428-1AD0-51A5-6BC4F8079A6B}.Debug|Any CPU.ActiveCfg = Debug|Any CPU
		{B116926F-8428-1AD0-51A5-6BC4F8079A6B}.Debug|Any CPU.Build.0 = Debug|Any CPU
		{B116926F-8428-1AD0-51A5-6BC4F8079A6B}.Release|Any CPU.ActiveCfg = Release|Any CPU
		{B116926F-8428-1AD0-51A5-6BC4F8079A6B}.Release|Any CPU.Build.0 = Release|Any CPU
		{72B908CE-EB04-5732-DF85-404A59602DE2}.Debug|Any CPU.ActiveCfg = Debug|Any CPU
		{72B908CE-EB04-5732-DF85-404A59602DE2}.Debug|Any CPU.Build.0 = Debug|Any CPU
		{72B908CE-EB04-5732-DF85-404A59602DE2}.Release|Any CPU.ActiveCfg = Release|Any CPU
		{72B908CE-EB04-5732-DF85-404A59602DE2}.Release|Any CPU.Build.0 = Release|Any CPU
	EndGlobalSection
	GlobalSection(SolutionProperties) = preSolution
		HideSolutionNode = FALSE
	EndGlobalSection
EndGlobal
